
Microsoft Visual Studio Solution File, Format Version 12.00
# Visual Studio Version 17
VisualStudioVersion = 17.8.34408.163
MinimumVisualStudioVersion = 10.0.40219.1
Project("{FAE04EC0-301F-11D3-BF4B-00C04F79EFBC}") = "ArraylistExercise", "ArraylistExercise\ArraylistExercise.csproj", "{CC184A51-C8B0-4200-AC10-86235319BA32}"
EndProject
Global
	GlobalSection(SolutionConfigurationPlatforms) = preSolution
		Debug|Any CPU = Debug|Any CPU
		Release|Any CPU = Release|Any CPU
	EndGlobalSection
	GlobalSection(ProjectConfigurationPlatforms) = postSolution
		{CC184A51-C8B0-4200-AC10-86235319BA32}.Debug|Any CPU.ActiveCfg = Debug|Any CPU
		{CC184A51-C8B0-4200-AC10-86235319BA32}.Debug|Any CPU.Build.0 = Debug|Any CPU
		{CC184A51-C8B0-4200-AC10-86235319BA32}.Release|Any CPU.ActiveCfg = Release|Any CPU
		{CC184A51-C8B0-4200-AC10-86235319BA32}.Release|Any CPU.Build.0 = Release|Any CPU
	EndGlobalSection
	GlobalSection(SolutionProperties) = preSolution
		HideSolutionNode = FALSE
	EndGlobalSection
	GlobalSection(ExtensibilityGlobals) = postSolution
		SolutionGuid = {510B3EF9-CF98-4C6E-BAF7-4EC99EDBD84E}
	EndGlobalSection
EndGlobal
